
Microsoft Visual Studio Solution File, Format Version 12.00
# Visual Studio Version 17
VisualStudioVersion = 17.11.35327.3
MinimumVisualStudioVersion = 10.0.40219.1
Project("{8BC9CEB8-8B4A-11D0-8D11-00A0C91BC942}") = "restoranMenu", "restoranMenu\restoranMenu.vcxproj", "{2330F998-2582-44B0-B440-112AC6237879}"
EndProject
Global
	GlobalSection(SolutionConfigurationPlatforms) = preSolution
		Debug|x64 = Debug|x64
		Debug|x86 = Debug|x86
		Release|x64 = Release|x64
		Release|x86 = Release|x86
	EndGlobalSection
	GlobalSection(ProjectConfigurationPlatforms) = postSolution
		{2330F998-2582-44B0-B440-112AC6237879}.Debug|x64.ActiveCfg = Debug|x64
		{2330F998-2582-44B0-B440-112AC6237879}.Debug|x64.Build.0 = Debug|x64
		{2330F998-2582-44B0-B440-112AC6237879}.Debug|x86.ActiveCfg = Debug|Win32
		{2330F998-2582-44B0-B440-112AC6237879}.Debug|x86.Build.0 = Debug|Win32
		{2330F998-2582-44B0-B440-112AC6237879}.Release|x64.ActiveCfg = Release|x64
		{2330F998-2582-44B0-B440-112AC6237879}.Release|x64.Build.0 = Release|x64
		{2330F998-2582-44B0-B440-112AC6237879}.Release|x86.ActiveCfg = Release|Win32
		{2330F998-2582-44B0-B440-112AC6237879}.Release|x86.Build.0 = Release|Win32
	EndGlobalSection
	GlobalSection(SolutionProperties) = preSolution
		HideSolutionNode = FALSE
	EndGlobalSection
	GlobalSection(ExtensibilityGlobals) = postSolution
		SolutionGuid = {83F48460-DBB2-493A-BC21-049DB9233CBE}
	EndGlobalSection
EndGlobal
